
Microsoft Visual Studio Solution File, Format Version 12.00
# Visual Studio 2012
Project("{FAE04EC0-301F-11D3-BF4B-00C04F79EFBC}") = "ExceptionRedirection", "ExceptionRedirection\ExceptionRedirection.csproj", "{4E1903F2-BD75-4680-95BD-7E558D4510DE}"
EndProject
Project("{FAE04EC0-301F-11D3-BF4B-00C04F79EFBC}") = "ExceptionRedirection.Tests", "ExceptionRedirection.Tests\ExceptionRedirection.Tests.csproj", "{974CC404-BC86-4FFB-B5F1-61FA4E28D1BD}"
EndProject
Global
	GlobalSection(SolutionConfigurationPlatforms) = preSolution
		Debug|Any CPU = Debug|Any CPU
		Release|Any CPU = Release|Any CPU
	EndGlobalSection
	GlobalSection(ProjectConfigurationPlatforms) = postSolution
		{4E1903F2-BD75-4680-95BD-7E558D4510DE}.Debug|Any CPU.ActiveCfg = Debug|Any CPU
		{4E1903F2-BD75-4680-95BD-7E558D4510DE}.Debug|Any CPU.Build.0 = Debug|Any CPU
		{4E1903F2-BD75-4680-95BD-7E558D4510DE}.Release|Any CPU.ActiveCfg = Release|Any CPU
		{4E1903F2-BD75-4680-95BD-7E558D4510DE}.Release|Any CPU.Build.0 = Release|Any CPU
		{974CC404-BC86-4FFB-B5F1-61FA4E28D1BD}.Debug|Any CPU.ActiveCfg = Debug|Any CPU
		{974CC404-BC86-4FFB-B5F1-61FA4E28D1BD}.Debug|Any CPU.Build.0 = Debug|Any CPU
		{974CC404-BC86-4FFB-B5F1-61FA4E28D1BD}.Release|Any CPU.ActiveCfg = Release|Any CPU
		{974CC404-BC86-4FFB-B5F1-61FA4E28D1BD}.Release|Any CPU.Build.0 = Release|Any CPU
	EndGlobalSection
	GlobalSection(SolutionProperties) = preSolution
		HideSolutionNode = FALSE
	EndGlobalSection
EndGlobal
